
Microsoft Visual Studio Solution File, Format Version 12.00
# Visual Studio 2012
Project("{8BC9CEB8-8B4A-11D0-8D11-00A0C91BC942}") = "Dodgem", "Dodgem.vcxproj", "{3B323F1B-4EB8-430B-B8C6-D0F1E83565D5}"
EndProject
Global
	GlobalSection(SolutionConfigurationPlatforms) = preSolution
		Debug|Win32 = Debug|Win32
		Release|Win32 = Release|Win32
	EndGlobalSection
	GlobalSection(ProjectConfigurationPlatforms) = postSolution
		{3B323F1B-4EB8-430B-B8C6-D0F1E83565D5}.Debug|Win32.ActiveCfg = Debug|Win32
		{3B323F1B-4EB8-430B-B8C6-D0F1E83565D5}.Debug|Win32.Build.0 = Debug|Win32
		{3B323F1B-4EB8-430B-B8C6-D0F1E83565D5}.Release|Win32.ActiveCfg = Release|Win32
		{3B323F1B-4EB8-430B-B8C6-D0F1E83565D5}.Release|Win32.Build.0 = Release|Win32
	EndGlobalSection
	GlobalSection(SolutionProperties) = preSolution
		HideSolutionNode = FALSE
	EndGlobalSection
EndGlobal
